
Microsoft Visual Studio Solution File, Format Version 12.00
# Visual Studio Version 17
VisualStudioVersion = 17.0.31808.319
MinimumVisualStudioVersion = 10.0.40219.1
Project("{9A19103F-16F7-4668-BE54-9A1E7A4F7556}") = "StockData", "StockData\StockData.csproj", "{686CACB8-B778-4F05-9DAD-74545CD889FC}"
EndProject
Project("{9A19103F-16F7-4668-BE54-9A1E7A4F7556}") = "ETL", "ETL\ETL.csproj", "{E01F75F0-8F1F-43EC-A94B-A1EEC8775E48}"
EndProject
Project("{6EC3EE1D-3C4E-46DD-8F32-0CC8E7565705}") = "fsETLService", "fsETLService\fsETLService.fsproj", "{37DE4864-745D-4F73-9BE0-0429889A63B8}"
EndProject
Project("{54A90642-561A-4BB1-A94E-469ADEE60C69}") = "Frontend", "Frontend\Frontend.esproj", "{1BFCA413-CD30-48B8-8D63-D1943E5C48E8}"
EndProject
Global
	GlobalSection(SolutionConfigurationPlatforms) = preSolution
		Debug|Any CPU = Debug|Any CPU
		Release|Any CPU = Release|Any CPU
	EndGlobalSection
	GlobalSection(ProjectConfigurationPlatforms) = postSolution
		{686CACB8-B778-4F05-9DAD-74545CD889FC}.Debug|Any CPU.ActiveCfg = Debug|Any CPU
		{686CACB8-B778-4F05-9DAD-74545CD889FC}.Debug|Any CPU.Build.0 = Debug|Any CPU
		{686CACB8-B778-4F05-9DAD-74545CD889FC}.Release|Any CPU.ActiveCfg = Release|Any CPU
		{686CACB8-B778-4F05-9DAD-74545CD889FC}.Release|Any CPU.Build.0 = Release|Any CPU
		{E01F75F0-8F1F-43EC-A94B-A1EEC8775E48}.Debug|Any CPU.ActiveCfg = Debug|Any CPU
		{E01F75F0-8F1F-43EC-A94B-A1EEC8775E48}.Debug|Any CPU.Build.0 = Debug|Any CPU
		{E01F75F0-8F1F-43EC-A94B-A1EEC8775E48}.Release|Any CPU.ActiveCfg = Release|Any CPU
		{E01F75F0-8F1F-43EC-A94B-A1EEC8775E48}.Release|Any CPU.Build.0 = Release|Any CPU
		{37DE4864-745D-4F73-9BE0-0429889A63B8}.Debug|Any CPU.ActiveCfg = Debug|Any CPU
		{37DE4864-745D-4F73-9BE0-0429889A63B8}.Debug|Any CPU.Build.0 = Debug|Any CPU
		{37DE4864-745D-4F73-9BE0-0429889A63B8}.Release|Any CPU.ActiveCfg = Release|Any CPU
		{37DE4864-745D-4F73-9BE0-0429889A63B8}.Release|Any CPU.Build.0 = Release|Any CPU
		{1BFCA413-CD30-48B8-8D63-D1943E5C48E8}.Debug|Any CPU.ActiveCfg = Debug|Any CPU
		{1BFCA413-CD30-48B8-8D63-D1943E5C48E8}.Debug|Any CPU.Build.0 = Debug|Any CPU
		{1BFCA413-CD30-48B8-8D63-D1943E5C48E8}.Debug|Any CPU.Deploy.0 = Debug|Any CPU
		{1BFCA413-CD30-48B8-8D63-D1943E5C48E8}.Release|Any CPU.ActiveCfg = Release|Any CPU
		{1BFCA413-CD30-48B8-8D63-D1943E5C48E8}.Release|Any CPU.Build.0 = Release|Any CPU
		{1BFCA413-CD30-48B8-8D63-D1943E5C48E8}.Release|Any CPU.Deploy.0 = Release|Any CPU
	EndGlobalSection
	GlobalSection(SolutionProperties) = preSolution
		HideSolutionNode = FALSE
	EndGlobalSection
	GlobalSection(ExtensibilityGlobals) = postSolution
		SolutionGuid = {7CCA18B1-E31C-4784-AA0C-8673708C1889}
	EndGlobalSection
EndGlobal
