
Microsoft Visual Studio Solution File, Format Version 12.00
# Visual Studio Version 17
VisualStudioVersion = 17.0.31808.319
MinimumVisualStudioVersion = 10.0.40219.1
Project("{9A19103F-16F7-4668-BE54-9A1E7A4F7556}") = "StockData", "StockData\StockData.csproj", "{686CACB8-B778-4F05-9DAD-74545CD889FC}"
EndProject
Project("{FAE04EC0-301F-11D3-BF4B-00C04F79EFBC}") = "ETL", "ETL\ETL.csproj", "{E01F75F0-8F1F-43EC-A94B-A1EEC8775E48}"
EndProject
Global
	GlobalSection(SolutionConfigurationPlatforms) = preSolution
		Debug|Any CPU = Debug|Any CPU
		Release|Any CPU = Release|Any CPU
	EndGlobalSection
	GlobalSection(ProjectConfigurationPlatforms) = postSolution
		{686CACB8-B778-4F05-9DAD-74545CD889FC}.Debug|Any CPU.ActiveCfg = Debug|Any CPU
		{686CACB8-B778-4F05-9DAD-74545CD889FC}.Debug|Any CPU.Build.0 = Debug|Any CPU
		{686CACB8-B778-4F05-9DAD-74545CD889FC}.Release|Any CPU.ActiveCfg = Release|Any CPU
		{686CACB8-B778-4F05-9DAD-74545CD889FC}.Release|Any CPU.Build.0 = Release|Any CPU
		{E01F75F0-8F1F-43EC-A94B-A1EEC8775E48}.Debug|Any CPU.ActiveCfg = Debug|Any CPU
		{E01F75F0-8F1F-43EC-A94B-A1EEC8775E48}.Debug|Any CPU.Build.0 = Debug|Any CPU
		{E01F75F0-8F1F-43EC-A94B-A1EEC8775E48}.Release|Any CPU.ActiveCfg = Release|Any CPU
		{E01F75F0-8F1F-43EC-A94B-A1EEC8775E48}.Release|Any CPU.Build.0 = Release|Any CPU
	EndGlobalSection
	GlobalSection(SolutionProperties) = preSolution
		HideSolutionNode = FALSE
	EndGlobalSection
	GlobalSection(ExtensibilityGlobals) = postSolution
		SolutionGuid = {7CCA18B1-E31C-4784-AA0C-8673708C1889}
	EndGlobalSection
EndGlobal
